{
  "pins" : [
    {
      "identity" : "anycodable",
      "kind" : "remoteSourceControl",
      "location" : "https://github.com/Flight-School/AnyCodable",
      "state" : {
        "revision" : "f9fda69a7b704d46fb5123005f2f7e43dbb8a0fa",
        "version" : "0.6.5"
      }
    },
    {
      "identity" : "googleappmeasurement",
      "kind" : "remoteSourceControl",
      "location" : "https://github.com/google/GoogleAppMeasurement.git",
      "state" : {
        "revision" : "192cce3e0486aecfdb61102a9c694c78dc89dc48",
        "version" : "9.1.0"
      }
    },
    {
      "identity" : "googleutilities",
      "kind" : "remoteSourceControl",
      "location" : "https://github.com/google/GoogleUtilities.git",
      "state" : {
        "revision" : "f4abe56ce62a779e64b525eb133c8fc2a84bbc1f",
        "version" : "7.7.1"
      }
    },
    {
      "identity" : "keychainaccess",
      "kind" : "remoteSourceControl",
      "location" : "https://github.com/kishikawakatsumi/KeychainAccess",
      "state" : {
        "revision" : "84e546727d66f1adc5439debad16270d0fdd04e7",
        "version" : "4.2.2"
      }
    },
    {
      "identity" : "nanopb",
      "kind" : "remoteSourceControl",
      "location" : "https://github.com/firebase/nanopb.git",
      "state" : {
        "revision" : "819d0a2173aff699fb8c364b6fb906f7cdb1a692",
        "version" : "2.30909.0"
      }
    },
    {
      "identity" : "neumorphic",
      "kind" : "remoteSourceControl",
      "location" : "https://github.com/costachung/neumorphic.git",
      "state" : {
        "branch" : "master",
        "revision" : "ece63559ba075e2546600450c37cde82cc463537"
      }
    },
    {
      "identity" : "promises",
      "kind" : "remoteSourceControl",
      "location" : "https://github.com/google/promises.git",
      "state" : {
        "revision" : "46c1e6b5ac09d8f82c991061c659f67e573d425d",
        "version" : "2.1.0"
      }
    },
    {
      "identity" : "sdwebimage",
      "kind" : "remoteSourceControl",
      "location" : "https://github.com/SDWebImage/SDWebImage.git",
      "state" : {
        "revision" : "2e63d0061da449ad0ed130768d05dceb1496de44",
        "version" : "5.12.5"
      }
    },
    {
      "identity" : "swift-package-manager-google-mobile-ads",
      "kind" : "remoteSourceControl",
      "location" : "https://github.com/googleads/swift-package-manager-google-mobile-ads",
      "state" : {
        "revision" : "2edcc48f663184143214fda29f3235823d06a8d7",
        "version" : "9.5.0"
      }
    },
    {
      "identity" : "swift-package-manager-google-user-messaging-platform",
      "kind" : "remoteSourceControl",
      "location" : "https://github.com/googleads/swift-package-manager-google-user-messaging-platform.git",
      "state" : {
        "revision" : "3b924ce3313a5fd2fc6a8dc889a8c38f76890fe3",
        "version" : "2.0.0"
      }
    },
    {
      "identity" : "xcore",
      "kind" : "remoteSourceControl",
      "location" : "https://github.com/zmian/xcore",
      "state" : {
        "branch" : "main",
        "revision" : "22ee1377686531cb3c909e57b1325fd10fed1883"
      }
    }
  ],
  "version" : 2
}
