// !$*UTF8*$!
{
	archiveVersion = 1;
	classes = {
	};
	objectVersion = 46;
	objects = {

/* Begin PBXBuildFile section */
		8095822C1ECB329400084B13 /* AppDelegate.swift in Sources */ = {isa = PBXBuildFile; fileRef = 8095822B1ECB329400084B13 /* AppDelegate.swift */; };
		8095822E1ECB329400084B13 /* RunningPaceController.swift in Sources */ = {isa = PBXBuildFile; fileRef = 8095822D1ECB329400084B13 /* RunningPaceController.swift */; };
		809582331ECB329400084B13 /* Assets.xcassets in Resources */ = {isa = PBXBuildFile; fileRef = 809582321ECB329400084B13 /* Assets.xcassets */; };
		809582361ECB329400084B13 /* LaunchScreen.storyboard in Resources */ = {isa = PBXBuildFile; fileRef = 809582341ECB329400084B13 /* LaunchScreen.storyboard */; };
		8095823E1ECB33BA00084B13 /* Extensions.swift in Sources */ = {isa = PBXBuildFile; fileRef = 8095823D1ECB33B900084B13 /* Extensions.swift */; };
		809582401ECB33D000084B13 /* AlertHelper.swift in Sources */ = {isa = PBXBuildFile; fileRef = 8095823F1ECB33D000084B13 /* AlertHelper.swift */; };
		809582421ECB33EE00084B13 /* UDWrapper.swift in Sources */ = {isa = PBXBuildFile; fileRef = 809582411ECB33EE00084B13 /* UDWrapper.swift */; };
		809582441ECB340400084B13 /* OptionsController.swift in Sources */ = {isa = PBXBuildFile; fileRef = 809582431ECB340400084B13 /* OptionsController.swift */; };
		809582471ECB342600084B13 /* TimeView.swift in Sources */ = {isa = PBXBuildFile; fileRef = 809582461ECB342600084B13 /* TimeView.swift */; };
		809582491ECB343E00084B13 /* DistanceView.swift in Sources */ = {isa = PBXBuildFile; fileRef = 809582481ECB343E00084B13 /* DistanceView.swift */; };
		8095824B1ECB344E00084B13 /* PaceView.swift in Sources */ = {isa = PBXBuildFile; fileRef = 8095824A1ECB344E00084B13 /* PaceView.swift */; };
		8095824E1ECB3A2100084B13 /* HeaderView.swift in Sources */ = {isa = PBXBuildFile; fileRef = 8095824D1ECB3A2100084B13 /* HeaderView.swift */; };
/* End PBXBuildFile section */

/* Begin PBXFileReference section */
		809582281ECB329400084B13 /* Running Pace Calculator.app */ = {isa = PBXFileReference; explicitFileType = wrapper.application; includeInIndex = 0; path = "Running Pace Calculator.app"; sourceTree = BUILT_PRODUCTS_DIR; };
		8095822B1ECB329400084B13 /* AppDelegate.swift */ = {isa = PBXFileReference; lastKnownFileType = sourcecode.swift; path = AppDelegate.swift; sourceTree = "<group>"; };
		8095822D1ECB329400084B13 /* RunningPaceController.swift */ = {isa = PBXFileReference; lastKnownFileType = sourcecode.swift; path = RunningPaceController.swift; sourceTree = "<group>"; };
		809582321ECB329400084B13 /* Assets.xcassets */ = {isa = PBXFileReference; lastKnownFileType = folder.assetcatalog; path = Assets.xcassets; sourceTree = "<group>"; };
		809582351ECB329400084B13 /* Base */ = {isa = PBXFileReference; lastKnownFileType = file.storyboard; name = Base; path = Base.lproj/LaunchScreen.storyboard; sourceTree = "<group>"; };
		809582371ECB329400084B13 /* Info.plist */ = {isa = PBXFileReference; lastKnownFileType = text.plist.xml; path = Info.plist; sourceTree = "<group>"; };
		8095823D1ECB33B900084B13 /* Extensions.swift */ = {isa = PBXFileReference; fileEncoding = 4; lastKnownFileType = sourcecode.swift; path = Extensions.swift; sourceTree = "<group>"; };
		8095823F1ECB33D000084B13 /* AlertHelper.swift */ = {isa = PBXFileReference; fileEncoding = 4; lastKnownFileType = sourcecode.swift; path = AlertHelper.swift; sourceTree = "<group>"; };
		809582411ECB33EE00084B13 /* UDWrapper.swift */ = {isa = PBXFileReference; fileEncoding = 4; lastKnownFileType = sourcecode.swift; path = UDWrapper.swift; sourceTree = "<group>"; };
		809582431ECB340400084B13 /* OptionsController.swift */ = {isa = PBXFileReference; fileEncoding = 4; lastKnownFileType = sourcecode.swift; path = OptionsController.swift; sourceTree = "<group>"; };
		809582461ECB342600084B13 /* TimeView.swift */ = {isa = PBXFileReference; fileEncoding = 4; lastKnownFileType = sourcecode.swift; path = TimeView.swift; sourceTree = "<group>"; };
		809582481ECB343E00084B13 /* DistanceView.swift */ = {isa = PBXFileReference; fileEncoding = 4; lastKnownFileType = sourcecode.swift; path = DistanceView.swift; sourceTree = "<group>"; };
		8095824A1ECB344E00084B13 /* PaceView.swift */ = {isa = PBXFileReference; fileEncoding = 4; lastKnownFileType = sourcecode.swift; path = PaceView.swift; sourceTree = "<group>"; };
		8095824D1ECB3A2100084B13 /* HeaderView.swift */ = {isa = PBXFileReference; fileEncoding = 4; lastKnownFileType = sourcecode.swift; path = HeaderView.swift; sourceTree = "<group>"; };
/* End PBXFileReference section */

/* Begin PBXFrameworksBuildPhase section */
		809582251ECB329400084B13 /* Frameworks */ = {
			isa = PBXFrameworksBuildPhase;
			buildActionMask = 2147483647;
			files = (
			);
			runOnlyForDeploymentPostprocessing = 0;
		};
/* End PBXFrameworksBuildPhase section */

/* Begin PBXGroup section */
		8095821F1ECB329400084B13 = {
			isa = PBXGroup;
			children = (
				8095822A1ECB329400084B13 /* Running Pace Calculator */,
				809582291ECB329400084B13 /* Products */,
			);
			sourceTree = "<group>";
		};
		809582291ECB329400084B13 /* Products */ = {
			isa = PBXGroup;
			children = (
				809582281ECB329400084B13 /* Running Pace Calculator.app */,
			);
			name = Products;
			sourceTree = "<group>";
		};
		8095822A1ECB329400084B13 /* Running Pace Calculator */ = {
			isa = PBXGroup;
			children = (
				8095824C1ECB347100084B13 /* Helpers */,
				809582451ECB341700084B13 /* Views */,
				8095822D1ECB329400084B13 /* RunningPaceController.swift */,
				809582431ECB340400084B13 /* OptionsController.swift */,
			);
			path = "Running Pace Calculator";
			sourceTree = "<group>";
		};
		809582451ECB341700084B13 /* Views */ = {
			isa = PBXGroup;
			children = (
				809582461ECB342600084B13 /* TimeView.swift */,
				809582481ECB343E00084B13 /* DistanceView.swift */,
				8095824A1ECB344E00084B13 /* PaceView.swift */,
				8095824D1ECB3A2100084B13 /* HeaderView.swift */,
			);
			name = Views;
			sourceTree = "<group>";
		};
		8095824C1ECB347100084B13 /* Helpers */ = {
			isa = PBXGroup;
			children = (
				8095822B1ECB329400084B13 /* AppDelegate.swift */,
				809582341ECB329400084B13 /* LaunchScreen.storyboard */,
				809582371ECB329400084B13 /* Info.plist */,
				8095823D1ECB33B900084B13 /* Extensions.swift */,
				8095823F1ECB33D000084B13 /* AlertHelper.swift */,
				809582411ECB33EE00084B13 /* UDWrapper.swift */,
				809582321ECB329400084B13 /* Assets.xcassets */,
			);
			name = Helpers;
			sourceTree = "<group>";
		};
/* End PBXGroup section */

/* Begin PBXNativeTarget section */
		809582271ECB329400084B13 /* Running Pace Calculator */ = {
			isa = PBXNativeTarget;
			buildConfigurationList = 8095823A1ECB329400084B13 /* Build configuration list for PBXNativeTarget "Running Pace Calculator" */;
			buildPhases = (
				809582241ECB329400084B13 /* Sources */,
				809582251ECB329400084B13 /* Frameworks */,
				809582261ECB329400084B13 /* Resources */,
			);
			buildRules = (
			);
			dependencies = (
			);
			name = "Running Pace Calculator";
			productName = "Running Pace Calculator";
			productReference = 809582281ECB329400084B13 /* Running Pace Calculator.app */;
			productType = "com.apple.product-type.application";
		};
/* End PBXNativeTarget section */

/* Begin PBXProject section */
		809582201ECB329400084B13 /* Project object */ = {
			isa = PBXProject;
			attributes = {
				LastSwiftUpdateCheck = 0820;
				LastUpgradeCheck = 0820;
				ORGANIZATIONNAME = LuisMachado;
				TargetAttributes = {
					809582271ECB329400084B13 = {
						CreatedOnToolsVersion = 8.2.1;
						DevelopmentTeam = MJHBLUH3VK;
						ProvisioningStyle = Automatic;
					};
				};
			};
			buildConfigurationList = 809582231ECB329400084B13 /* Build configuration list for PBXProject "Running Pace Calculator" */;
			compatibilityVersion = "Xcode 3.2";
			developmentRegion = English;
			hasScannedForEncodings = 0;
			knownRegions = (
				en,
				Base,
			);
			mainGroup = 8095821F1ECB329400084B13;
			productRefGroup = 809582291ECB329400084B13 /* Products */;
			projectDirPath = "";
			projectRoot = "";
			targets = (
				809582271ECB329400084B13 /* Running Pace Calculator */,
			);
		};
/* End PBXProject section */

/* Begin PBXResourcesBuildPhase section */
		809582261ECB329400084B13 /* Resources */ = {
			isa = PBXResourcesBuildPhase;
			buildActionMask = 2147483647;
			files = (
				809582361ECB329400084B13 /* LaunchScreen.storyboard in Resources */,
				809582331ECB329400084B13 /* Assets.xcassets in Resources */,
			);
			runOnlyForDeploymentPostprocessing = 0;
		};
/* End PBXResourcesBuildPhase section */

/* Begin PBXSourcesBuildPhase section */
		809582241ECB329400084B13 /* Sources */ = {
			isa = PBXSourcesBuildPhase;
			buildActionMask = 2147483647;
			files = (
				809582401ECB33D000084B13 /* AlertHelper.swift in Sources */,
				809582471ECB342600084B13 /* TimeView.swift in Sources */,
				8095822E1ECB329400084B13 /* RunningPaceController.swift in Sources */,
				809582491ECB343E00084B13 /* DistanceView.swift in Sources */,
				809582421ECB33EE00084B13 /* UDWrapper.swift in Sources */,
				8095823E1ECB33BA00084B13 /* Extensions.swift in Sources */,
				809582441ECB340400084B13 /* OptionsController.swift in Sources */,
				8095824E1ECB3A2100084B13 /* HeaderView.swift in Sources */,
				8095822C1ECB329400084B13 /* AppDelegate.swift in Sources */,
				8095824B1ECB344E00084B13 /* PaceView.swift in Sources */,
			);
			runOnlyForDeploymentPostprocessing = 0;
		};
/* End PBXSourcesBuildPhase section */

/* Begin PBXVariantGroup section */
		809582341ECB329400084B13 /* LaunchScreen.storyboard */ = {
			isa = PBXVariantGroup;
			children = (
				809582351ECB329400084B13 /* Base */,
			);
			name = LaunchScreen.storyboard;
			sourceTree = "<group>";
		};
/* End PBXVariantGroup section */

/* Begin XCBuildConfiguration section */
		809582381ECB329400084B13 /* Debug */ = {
			isa = XCBuildConfiguration;
			buildSettings = {
				ALWAYS_SEARCH_USER_PATHS = NO;
				CLANG_ANALYZER_NONNULL = YES;
				CLANG_CXX_LANGUAGE_STANDARD = "gnu++0x";
				CLANG_CXX_LIBRARY = "libc++";
				CLANG_ENABLE_MODULES = YES;
				CLANG_ENABLE_OBJC_ARC = YES;
				CLANG_WARN_BOOL_CONVERSION = YES;
				CLANG_WARN_CONSTANT_CONVERSION = YES;
				CLANG_WARN_DIRECT_OBJC_ISA_USAGE = YES_ERROR;
				CLANG_WARN_DOCUMENTATION_COMMENTS = YES;
				CLANG_WARN_EMPTY_BODY = YES;
				CLANG_WARN_ENUM_CONVERSION = YES;
				CLANG_WARN_INFINITE_RECURSION = YES;
				CLANG_WARN_INT_CONVERSION = YES;
				CLANG_WARN_OBJC_ROOT_CLASS = YES_ERROR;
				CLANG_WARN_SUSPICIOUS_MOVE = YES;
				CLANG_WARN_UNREACHABLE_CODE = YES;
				CLANG_WARN__DUPLICATE_METHOD_MATCH = YES;
				"CODE_SIGN_IDENTITY[sdk=iphoneos*]" = "iPhone Developer";
				COPY_PHASE_STRIP = NO;
				DEBUG_INFORMATION_FORMAT = dwarf;
				ENABLE_STRICT_OBJC_MSGSEND = YES;
				ENABLE_TESTABILITY = YES;
				GCC_C_LANGUAGE_STANDARD = gnu99;
				GCC_DYNAMIC_NO_PIC = NO;
				GCC_NO_COMMON_BLOCKS = YES;
				GCC_OPTIMIZATION_LEVEL = 0;
				GCC_PREPROCESSOR_DEFINITIONS = (
					"DEBUG=1",
					"$(inherited)",
				);
				GCC_WARN_64_TO_32_BIT_CONVERSION = YES;
				GCC_WARN_ABOUT_RETURN_TYPE = YES_ERROR;
				GCC_WARN_UNDECLARED_SELECTOR = YES;
				GCC_WARN_UNINITIALIZED_AUTOS = YES_AGGRESSIVE;
				GCC_WARN_UNUSED_FUNCTION = YES;
				GCC_WARN_UNUSED_VARIABLE = YES;
				IPHONEOS_DEPLOYMENT_TARGET = 10.2;
				MTL_ENABLE_DEBUG_INFO = YES;
				ONLY_ACTIVE_ARCH = YES;
				SDKROOT = iphoneos;
				SWIFT_ACTIVE_COMPILATION_CONDITIONS = DEBUG;
				SWIFT_OPTIMIZATION_LEVEL = "-Onone";
			};
			name = Debug;
		};
		809582391ECB329400084B13 /* Release */ = {
			isa = XCBuildConfiguration;
			buildSettings = {
				ALWAYS_SEARCH_USER_PATHS = NO;
				CLANG_ANALYZER_NONNULL = YES;
				CLANG_CXX_LANGUAGE_STANDARD = "gnu++0x";
				CLANG_CXX_LIBRARY = "libc++";
				CLANG_ENABLE_MODULES = YES;
				CLANG_ENABLE_OBJC_ARC = YES;
				CLANG_WARN_BOOL_CONVERSION = YES;
				CLANG_WARN_CONSTANT_CONVERSION = YES;
				CLANG_WARN_DIRECT_OBJC_ISA_USAGE = YES_ERROR;
				CLANG_WARN_DOCUMENTATION_COMMENTS = YES;
				CLANG_WARN_EMPTY_BODY = YES;
				CLANG_WARN_ENUM_CONVERSION = YES;
				CLANG_WARN_INFINITE_RECURSION = YES;
				CLANG_WARN_INT_CONVERSION = YES;
				CLANG_WARN_OBJC_ROOT_CLASS = YES_ERROR;
				CLANG_WARN_SUSPICIOUS_MOVE = YES;
				CLANG_WARN_UNREACHABLE_CODE = YES;
				CLANG_WARN__DUPLICATE_METHOD_MATCH = YES;
				"CODE_SIGN_IDENTITY[sdk=iphoneos*]" = "iPhone Developer";
				COPY_PHASE_STRIP = NO;
				DEBUG_INFORMATION_FORMAT = "dwarf-with-dsym";
				ENABLE_NS_ASSERTIONS = NO;
				ENABLE_STRICT_OBJC_MSGSEND = YES;
				GCC_C_LANGUAGE_STANDARD = gnu99;
				GCC_NO_COMMON_BLOCKS = YES;
				GCC_WARN_64_TO_32_BIT_CONVERSION = YES;
				GCC_WARN_ABOUT_RETURN_TYPE = YES_ERROR;
				GCC_WARN_UNDECLARED_SELECTOR = YES;
				GCC_WARN_UNINITIALIZED_AUTOS = YES_AGGRESSIVE;
				GCC_WARN_UNUSED_FUNCTION = YES;
				GCC_WARN_UNUSED_VARIABLE = YES;
				IPHONEOS_DEPLOYMENT_TARGET = 10.2;
				MTL_ENABLE_DEBUG_INFO = NO;
				SDKROOT = iphoneos;
				SWIFT_OPTIMIZATION_LEVEL = "-Owholemodule";
				VALIDATE_PRODUCT = YES;
			};
			name = Release;
		};
		8095823B1ECB329400084B13 /* Debug */ = {
			isa = XCBuildConfiguration;
			buildSettings = {
				ASSETCATALOG_COMPILER_APPICON_NAME = AppIcon;
				DEVELOPMENT_TEAM = MJHBLUH3VK;
				INFOPLIST_FILE = "Running Pace Calculator/Info.plist";
				IPHONEOS_DEPLOYMENT_TARGET = 9.0;
				LD_RUNPATH_SEARCH_PATHS = "$(inherited) @executable_path/Frameworks";
				PRODUCT_BUNDLE_IDENTIFIER = "com.luismachado.Running-Pace-Calculator";
				PRODUCT_NAME = "$(TARGET_NAME)";
				SWIFT_VERSION = 3.0;
			};
			name = Debug;
		};
		8095823C1ECB329400084B13 /* Release */ = {
			isa = XCBuildConfiguration;
			buildSettings = {
				ASSETCATALOG_COMPILER_APPICON_NAME = AppIcon;
				DEVELOPMENT_TEAM = MJHBLUH3VK;
				INFOPLIST_FILE = "Running Pace Calculator/Info.plist";
				IPHONEOS_DEPLOYMENT_TARGET = 9.0;
				LD_RUNPATH_SEARCH_PATHS = "$(inherited) @executable_path/Frameworks";
				PRODUCT_BUNDLE_IDENTIFIER = "com.luismachado.Running-Pace-Calculator";
				PRODUCT_NAME = "$(TARGET_NAME)";
				SWIFT_VERSION = 3.0;
			};
			name = Release;
		};
/* End XCBuildConfiguration section */

/* Begin XCConfigurationList section */
		809582231ECB329400084B13 /* Build configuration list for PBXProject "Running Pace Calculator" */ = {
			isa = XCConfigurationList;
			buildConfigurations = (
				809582381ECB329400084B13 /* Debug */,
				809582391ECB329400084B13 /* Release */,
			);
			defaultConfigurationIsVisible = 0;
			defaultConfigurationName = Release;
		};
		8095823A1ECB329400084B13 /* Build configuration list for PBXNativeTarget "Running Pace Calculator" */ = {
			isa = XCConfigurationList;
			buildConfigurations = (
				8095823B1ECB329400084B13 /* Debug */,
				8095823C1ECB329400084B13 /* Release */,
			);
			defaultConfigurationIsVisible = 0;
		};
/* End XCConfigurationList section */
	};
	rootObject = 809582201ECB329400084B13 /* Project object */;
}
